
Microsoft Visual Studio Solution File, Format Version 12.00
# Visual Studio 15
VisualStudioVersion = 15.0.26430.6
MinimumVisualStudioVersion = 10.0.40219.1
Project("{FAE04EC0-301F-11D3-BF4B-00C04F79EFBC}") = "ECommerceApp3.Android", "ECommerceApp3\ECommerceApp3.Android\ECommerceApp3.Android.csproj", "{44267855-033A-4E9D-B512-29232F71F971}"
EndProject
Project("{FAE04EC0-301F-11D3-BF4B-00C04F79EFBC}") = "ECommerceApp3", "ECommerceApp3\ECommerceApp3\ECommerceApp3.csproj", "{E0B370AF-9AC9-45F7-B39F-3AC1FA868539}"
EndProject
Project("{FAE04EC0-301F-11D3-BF4B-00C04F79EFBC}") = "ECommerceApp3.UWP", "ECommerceApp3\ECommerceApp3.UWP\ECommerceApp3.UWP.csproj", "{9F6B90EE-BE55-411A-971B-4CD781F8C480}"
EndProject
Project("{FAE04EC0-301F-11D3-BF4B-00C04F79EFBC}") = "ECommerceApp3.iOS", "ECommerceApp3\ECommerceApp3.iOS\ECommerceApp3.iOS.csproj", "{79C09D14-4751-4FEC-93D3-5524B22721A3}"
EndProject
Global
	GlobalSection(SolutionConfigurationPlatforms) = preSolution
		Ad-Hoc|Any CPU = Ad-Hoc|Any CPU
		Ad-Hoc|ARM = Ad-Hoc|ARM
		Ad-Hoc|iPhone = Ad-Hoc|iPhone
		Ad-Hoc|iPhoneSimulator = Ad-Hoc|iPhoneSimulator
		Ad-Hoc|x64 = Ad-Hoc|x64
		Ad-Hoc|x86 = Ad-Hoc|x86
		AppStore|Any CPU = AppStore|Any CPU
		AppStore|ARM = AppStore|ARM
		AppStore|iPhone = AppStore|iPhone
		AppStore|iPhoneSimulator = AppStore|iPhoneSimulator
		AppStore|x64 = AppStore|x64
		AppStore|x86 = AppStore|x86
		Debug|Any CPU = Debug|Any CPU
		Debug|ARM = Debug|ARM
		Debug|iPhone = Debug|iPhone
		Debug|iPhoneSimulator = Debug|iPhoneSimulator
		Debug|x64 = Debug|x64
		Debug|x86 = Debug|x86
		Release|Any CPU = Release|Any CPU
		Release|ARM = Release|ARM
		Release|iPhone = Release|iPhone
		Release|iPhoneSimulator = Release|iPhoneSimulator
		Release|x64 = Release|x64
		Release|x86 = Release|x86
	EndGlobalSection
	GlobalSection(ProjectConfigurationPlatforms) = postSolution
		{44267855-033A-4E9D-B512-29232F71F971}.Ad-Hoc|Any CPU.ActiveCfg = Release|Any CPU
		{44267855-033A-4E9D-B512-29232F71F971}.Ad-Hoc|Any CPU.Build.0 = Release|Any CPU
		{44267855-033A-4E9D-B512-29232F71F971}.Ad-Hoc|Any CPU.Deploy.0 = Release|Any CPU
		{44267855-033A-4E9D-B512-29232F71F971}.Ad-Hoc|ARM.ActiveCfg = Release|Any CPU
		{44267855-033A-4E9D-B512-29232F71F971}.Ad-Hoc|ARM.Build.0 = Release|Any CPU
		{44267855-033A-4E9D-B512-29232F71F971}.Ad-Hoc|ARM.Deploy.0 = Release|Any CPU
		{44267855-033A-4E9D-B512-29232F71F971}.Ad-Hoc|iPhone.ActiveCfg = Release|Any CPU
		{44267855-033A-4E9D-B512-29232F71F971}.Ad-Hoc|iPhone.Build.0 = Release|Any CPU
		{44267855-033A-4E9D-B512-29232F71F971}.Ad-Hoc|iPhone.Deploy.0 = Release|Any CPU
		{44267855-033A-4E9D-B512-29232F71F971}.Ad-Hoc|iPhoneSimulator.ActiveCfg = Release|Any CPU
		{44267855-033A-4E9D-B512-29232F71F971}.Ad-Hoc|iPhoneSimulator.Build.0 = Release|Any CPU
		{44267855-033A-4E9D-B512-29232F71F971}.Ad-Hoc|iPhoneSimulator.Deploy.0 = Release|Any CPU
		{44267855-033A-4E9D-B512-29232F71F971}.Ad-Hoc|x64.ActiveCfg = Release|Any CPU
		{44267855-033A-4E9D-B512-29232F71F971}.Ad-Hoc|x64.Build.0 = Release|Any CPU
		{44267855-033A-4E9D-B512-29232F71F971}.Ad-Hoc|x64.Deploy.0 = Release|Any CPU
		{44267855-033A-4E9D-B512-29232F71F971}.Ad-Hoc|x86.ActiveCfg = Release|Any CPU
		{44267855-033A-4E9D-B512-29232F71F971}.Ad-Hoc|x86.Build.0 = Release|Any CPU
		{44267855-033A-4E9D-B512-29232F71F971}.Ad-Hoc|x86.Deploy.0 = Release|Any CPU
		{44267855-033A-4E9D-B512-29232F71F971}.AppStore|Any CPU.ActiveCfg = Release|Any CPU
		{44267855-033A-4E9D-B512-29232F71F971}.AppStore|Any CPU.Build.0 = Release|Any CPU
		{44267855-033A-4E9D-B512-29232F71F971}.AppStore|Any CPU.Deploy.0 = Release|Any CPU
		{44267855-033A-4E9D-B512-29232F71F971}.AppStore|ARM.ActiveCfg = Release|Any CPU
		{44267855-033A-4E9D-B512-29232F71F971}.AppStore|ARM.Build.0 = Release|Any CPU
		{44267855-033A-4E9D-B512-29232F71F971}.AppStore|ARM.Deploy.0 = Release|Any CPU
		{44267855-033A-4E9D-B512-29232F71F971}.AppStore|iPhone.ActiveCfg = Release|Any CPU
		{44267855-033A-4E9D-B512-29232F71F971}.AppStore|iPhone.Build.0 = Release|Any CPU
		{44267855-033A-4E9D-B512-29232F71F971}.AppStore|iPhone.Deploy.0 = Release|Any CPU
		{44267855-033A-4E9D-B512-29232F71F971}.AppStore|iPhoneSimulator.ActiveCfg = Release|Any CPU
		{44267855-033A-4E9D-B512-29232F71F971}.AppStore|iPhoneSimulator.Build.0 = Release|Any CPU
		{44267855-033A-4E9D-B512-29232F71F971}.AppStore|iPhoneSimulator.Deploy.0 = Release|Any CPU
		{44267855-033A-4E9D-B512-29232F71F971}.AppStore|x64.ActiveCfg = Release|Any CPU
		{44267855-033A-4E9D-B512-29232F71F971}.AppStore|x64.Build.0 = Release|Any CPU
		{44267855-033A-4E9D-B512-29232F71F971}.AppStore|x64.Deploy.0 = Release|Any CPU
		{44267855-033A-4E9D-B512-29232F71F971}.AppStore|x86.ActiveCfg = Release|Any CPU
		{44267855-033A-4E9D-B512-29232F71F971}.AppStore|x86.Build.0 = Release|Any CPU
		{44267855-033A-4E9D-B512-29232F71F971}.AppStore|x86.Deploy.0 = Release|Any CPU
		{44267855-033A-4E9D-B512-29232F71F971}.Debug|Any CPU.ActiveCfg = Debug|Any CPU
		{44267855-033A-4E9D-B512-29232F71F971}.Debug|Any CPU.Build.0 = Debug|Any CPU
		{44267855-033A-4E9D-B512-29232F71F971}.Debug|Any CPU.Deploy.0 = Debug|Any CPU
		{44267855-033A-4E9D-B512-29232F71F971}.Debug|ARM.ActiveCfg = Debug|Any CPU
		{44267855-033A-4E9D-B512-29232F71F971}.Debug|ARM.Build.0 = Debug|Any CPU
		{44267855-033A-4E9D-B512-29232F71F971}.Debug|ARM.Deploy.0 = Debug|Any CPU
		{44267855-033A-4E9D-B512-29232F71F971}.Debug|iPhone.ActiveCfg = Debug|Any CPU
		{44267855-033A-4E9D-B512-29232F71F971}.Debug|iPhone.Build.0 = Debug|Any CPU
		{44267855-033A-4E9D-B512-29232F71F971}.Debug|iPhone.Deploy.0 = Debug|Any CPU
		{44267855-033A-4E9D-B512-29232F71F971}.Debug|iPhoneSimulator.ActiveCfg = Debug|Any CPU
		{44267855-033A-4E9D-B512-29232F71F971}.Debug|iPhoneSimulator.Build.0 = Debug|Any CPU
		{44267855-033A-4E9D-B512-29232F71F971}.Debug|iPhoneSimulator.Deploy.0 = Debug|Any CPU
		{44267855-033A-4E9D-B512-29232F71F971}.Debug|x64.ActiveCfg = Debug|Any CPU
		{44267855-033A-4E9D-B512-29232F71F971}.Debug|x64.Build.0 = Debug|Any CPU
		{44267855-033A-4E9D-B512-29232F71F971}.Debug|x64.Deploy.0 = Debug|Any CPU
		{44267855-033A-4E9D-B512-29232F71F971}.Debug|x86.ActiveCfg = Debug|Any CPU
		{44267855-033A-4E9D-B512-29232F71F971}.Debug|x86.Build.0 = Debug|Any CPU
		{44267855-033A-4E9D-B512-29232F71F971}.Debug|x86.Deploy.0 = Debug|Any CPU
		{44267855-033A-4E9D-B512-29232F71F971}.Release|Any CPU.ActiveCfg = Release|Any CPU
		{44267855-033A-4E9D-B512-29232F71F971}.Release|Any CPU.Build.0 = Release|Any CPU
		{44267855-033A-4E9D-B512-29232F71F971}.Release|Any CPU.Deploy.0 = Release|Any CPU
		{44267855-033A-4E9D-B512-29232F71F971}.Release|ARM.ActiveCfg = Release|Any CPU
		{44267855-033A-4E9D-B512-29232F71F971}.Release|ARM.Build.0 = Release|Any CPU
		{44267855-033A-4E9D-B512-29232F71F971}.Release|ARM.Deploy.0 = Release|Any CPU
		{44267855-033A-4E9D-B512-29232F71F971}.Release|iPhone.ActiveCfg = Release|Any CPU
		{44267855-033A-4E9D-B512-29232F71F971}.Release|iPhone.Build.0 = Release|Any CPU
		{44267855-033A-4E9D-B512-29232F71F971}.Release|iPhone.Deploy.0 = Release|Any CPU
		{44267855-033A-4E9D-B512-29232F71F971}.Release|iPhoneSimulator.ActiveCfg = Release|Any CPU
		{44267855-033A-4E9D-B512-29232F71F971}.Release|iPhoneSimulator.Build.0 = Release|Any CPU
		{44267855-033A-4E9D-B512-29232F71F971}.Release|iPhoneSimulator.Deploy.0 = Release|Any CPU
		{44267855-033A-4E9D-B512-29232F71F971}.Release|x64.ActiveCfg = Release|Any CPU
		{44267855-033A-4E9D-B512-29232F71F971}.Release|x64.Build.0 = Release|Any CPU
		{44267855-033A-4E9D-B512-29232F71F971}.Release|x64.Deploy.0 = Release|Any CPU
		{44267855-033A-4E9D-B512-29232F71F971}.Release|x86.ActiveCfg = Release|Any CPU
		{44267855-033A-4E9D-B512-29232F71F971}.Release|x86.Build.0 = Release|Any CPU
		{44267855-033A-4E9D-B512-29232F71F971}.Release|x86.Deploy.0 = Release|Any CPU
		{E0B370AF-9AC9-45F7-B39F-3AC1FA868539}.Ad-Hoc|Any CPU.ActiveCfg = Release|Any CPU
		{E0B370AF-9AC9-45F7-B39F-3AC1FA868539}.Ad-Hoc|Any CPU.Build.0 = Release|Any CPU
		{E0B370AF-9AC9-45F7-B39F-3AC1FA868539}.Ad-Hoc|ARM.ActiveCfg = Release|Any CPU
		{E0B370AF-9AC9-45F7-B39F-3AC1FA868539}.Ad-Hoc|ARM.Build.0 = Release|Any CPU
		{E0B370AF-9AC9-45F7-B39F-3AC1FA868539}.Ad-Hoc|iPhone.ActiveCfg = Release|Any CPU
		{E0B370AF-9AC9-45F7-B39F-3AC1FA868539}.Ad-Hoc|iPhone.Build.0 = Release|Any CPU
		{E0B370AF-9AC9-45F7-B39F-3AC1FA868539}.Ad-Hoc|iPhoneSimulator.ActiveCfg = Release|Any CPU
		{E0B370AF-9AC9-45F7-B39F-3AC1FA868539}.Ad-Hoc|iPhoneSimulator.Build.0 = Release|Any CPU
		{E0B370AF-9AC9-45F7-B39F-3AC1FA868539}.Ad-Hoc|x64.ActiveCfg = Release|Any CPU
		{E0B370AF-9AC9-45F7-B39F-3AC1FA868539}.Ad-Hoc|x64.Build.0 = Release|Any CPU
		{E0B370AF-9AC9-45F7-B39F-3AC1FA868539}.Ad-Hoc|x86.ActiveCfg = Release|Any CPU
		{E0B370AF-9AC9-45F7-B39F-3AC1FA868539}.Ad-Hoc|x86.Build.0 = Release|Any CPU
		{E0B370AF-9AC9-45F7-B39F-3AC1FA868539}.AppStore|Any CPU.ActiveCfg = Release|Any CPU
		{E0B370AF-9AC9-45F7-B39F-3AC1FA868539}.AppStore|Any CPU.Build.0 = Release|Any CPU
		{E0B370AF-9AC9-45F7-B39F-3AC1FA868539}.AppStore|ARM.ActiveCfg = Release|Any CPU
		{E0B370AF-9AC9-45F7-B39F-3AC1FA868539}.AppStore|ARM.Build.0 = Release|Any CPU
		{E0B370AF-9AC9-45F7-B39F-3AC1FA868539}.AppStore|iPhone.ActiveCfg = Release|Any CPU
		{E0B370AF-9AC9-45F7-B39F-3AC1FA868539}.AppStore|iPhone.Build.0 = Release|Any CPU
		{E0B370AF-9AC9-45F7-B39F-3AC1FA868539}.AppStore|iPhoneSimulator.ActiveCfg = Release|Any CPU
		{E0B370AF-9AC9-45F7-B39F-3AC1FA868539}.AppStore|iPhoneSimulator.Build.0 = Release|Any CPU
		{E0B370AF-9AC9-45F7-B39F-3AC1FA868539}.AppStore|x64.ActiveCfg = Release|Any CPU
		{E0B370AF-9AC9-45F7-B39F-3AC1FA868539}.AppStore|x64.Build.0 = Release|Any CPU
		{E0B370AF-9AC9-45F7-B39F-3AC1FA868539}.AppStore|x86.ActiveCfg = Release|Any CPU
		{E0B370AF-9AC9-45F7-B39F-3AC1FA868539}.AppStore|x86.Build.0 = Release|Any CPU
		{E0B370AF-9AC9-45F7-B39F-3AC1FA868539}.Debug|Any CPU.ActiveCfg = Debug|Any CPU
		{E0B370AF-9AC9-45F7-B39F-3AC1FA868539}.Debug|Any CPU.Build.0 = Debug|Any CPU
		{E0B370AF-9AC9-45F7-B39F-3AC1FA868539}.Debug|ARM.ActiveCfg = Debug|Any CPU
		{E0B370AF-9AC9-45F7-B39F-3AC1FA868539}.Debug|ARM.Build.0 = Debug|Any CPU
		{E0B370AF-9AC9-45F7-B39F-3AC1FA868539}.Debug|iPhone.ActiveCfg = Debug|Any CPU
		{E0B370AF-9AC9-45F7-B39F-3AC1FA868539}.Debug|iPhone.Build.0 = Debug|Any CPU
		{E0B370AF-9AC9-45F7-B39F-3AC1FA868539}.Debug|iPhoneSimulator.ActiveCfg = Debug|Any CPU
		{E0B370AF-9AC9-45F7-B39F-3AC1FA868539}.Debug|iPhoneSimulator.Build.0 = Debug|Any CPU
		{E0B370AF-9AC9-45F7-B39F-3AC1FA868539}.Debug|x64.ActiveCfg = Debug|Any CPU
		{E0B370AF-9AC9-45F7-B39F-3AC1FA868539}.Debug|x64.Build.0 = Debug|Any CPU
		{E0B370AF-9AC9-45F7-B39F-3AC1FA868539}.Debug|x86.ActiveCfg = Debug|Any CPU
		{E0B370AF-9AC9-45F7-B39F-3AC1FA868539}.Debug|x86.Build.0 = Debug|Any CPU
		{E0B370AF-9AC9-45F7-B39F-3AC1FA868539}.Release|Any CPU.ActiveCfg = Release|Any CPU
		{E0B370AF-9AC9-45F7-B39F-3AC1FA868539}.Release|Any CPU.Build.0 = Release|Any CPU
		{E0B370AF-9AC9-45F7-B39F-3AC1FA868539}.Release|ARM.ActiveCfg = Release|Any CPU
		{E0B370AF-9AC9-45F7-B39F-3AC1FA868539}.Release|ARM.Build.0 = Release|Any CPU
		{E0B370AF-9AC9-45F7-B39F-3AC1FA868539}.Release|iPhone.ActiveCfg = Release|Any CPU
		{E0B370AF-9AC9-45F7-B39F-3AC1FA868539}.Release|iPhone.Build.0 = Release|Any CPU
		{E0B370AF-9AC9-45F7-B39F-3AC1FA868539}.Release|iPhoneSimulator.ActiveCfg = Release|Any CPU
		{E0B370AF-9AC9-45F7-B39F-3AC1FA868539}.Release|iPhoneSimulator.Build.0 = Release|Any CPU
		{E0B370AF-9AC9-45F7-B39F-3AC1FA868539}.Release|x64.ActiveCfg = Release|Any CPU
		{E0B370AF-9AC9-45F7-B39F-3AC1FA868539}.Release|x64.Build.0 = Release|Any CPU
		{E0B370AF-9AC9-45F7-B39F-3AC1FA868539}.Release|x86.ActiveCfg = Release|Any CPU
		{E0B370AF-9AC9-45F7-B39F-3AC1FA868539}.Release|x86.Build.0 = Release|Any CPU
		{9F6B90EE-BE55-411A-971B-4CD781F8C480}.Ad-Hoc|Any CPU.ActiveCfg = Release|x86
		{9F6B90EE-BE55-411A-971B-4CD781F8C480}.Ad-Hoc|Any CPU.Build.0 = Release|x86
		{9F6B90EE-BE55-411A-971B-4CD781F8C480}.Ad-Hoc|Any CPU.Deploy.0 = Release|x86
		{9F6B90EE-BE55-411A-971B-4CD781F8C480}.Ad-Hoc|ARM.ActiveCfg = Release|ARM
		{9F6B90EE-BE55-411A-971B-4CD781F8C480}.Ad-Hoc|ARM.Build.0 = Release|ARM
		{9F6B90EE-BE55-411A-971B-4CD781F8C480}.Ad-Hoc|ARM.Deploy.0 = Release|ARM
		{9F6B90EE-BE55-411A-971B-4CD781F8C480}.Ad-Hoc|iPhone.ActiveCfg = Release|x86
		{9F6B90EE-BE55-411A-971B-4CD781F8C480}.Ad-Hoc|iPhone.Build.0 = Release|x86
		{9F6B90EE-BE55-411A-971B-4CD781F8C480}.Ad-Hoc|iPhone.Deploy.0 = Release|x86
		{9F6B90EE-BE55-411A-971B-4CD781F8C480}.Ad-Hoc|iPhoneSimulator.ActiveCfg = Release|x86
		{9F6B90EE-BE55-411A-971B-4CD781F8C480}.Ad-Hoc|iPhoneSimulator.Build.0 = Release|x86
		{9F6B90EE-BE55-411A-971B-4CD781F8C480}.Ad-Hoc|iPhoneSimulator.Deploy.0 = Release|x86
		{9F6B90EE-BE55-411A-971B-4CD781F8C480}.Ad-Hoc|x64.ActiveCfg = Release|x64
		{9F6B90EE-BE55-411A-971B-4CD781F8C480}.Ad-Hoc|x64.Build.0 = Release|x64
		{9F6B90EE-BE55-411A-971B-4CD781F8C480}.Ad-Hoc|x64.Deploy.0 = Release|x64
		{9F6B90EE-BE55-411A-971B-4CD781F8C480}.Ad-Hoc|x86.ActiveCfg = Release|x86
		{9F6B90EE-BE55-411A-971B-4CD781F8C480}.Ad-Hoc|x86.Build.0 = Release|x86
		{9F6B90EE-BE55-411A-971B-4CD781F8C480}.Ad-Hoc|x86.Deploy.0 = Release|x86
		{9F6B90EE-BE55-411A-971B-4CD781F8C480}.AppStore|Any CPU.ActiveCfg = Release|x86
		{9F6B90EE-BE55-411A-971B-4CD781F8C480}.AppStore|Any CPU.Build.0 = Release|x86
		{9F6B90EE-BE55-411A-971B-4CD781F8C480}.AppStore|Any CPU.Deploy.0 = Release|x86
		{9F6B90EE-BE55-411A-971B-4CD781F8C480}.AppStore|ARM.ActiveCfg = Release|ARM
		{9F6B90EE-BE55-411A-971B-4CD781F8C480}.AppStore|ARM.Build.0 = Release|ARM
		{9F6B90EE-BE55-411A-971B-4CD781F8C480}.AppStore|ARM.Deploy.0 = Release|ARM
		{9F6B90EE-BE55-411A-971B-4CD781F8C480}.AppStore|iPhone.ActiveCfg = Release|x86
		{9F6B90EE-BE55-411A-971B-4CD781F8C480}.AppStore|iPhone.Build.0 = Release|x86
		{9F6B90EE-BE55-411A-971B-4CD781F8C480}.AppStore|iPhone.Deploy.0 = Release|x86
		{9F6B90EE-BE55-411A-971B-4CD781F8C480}.AppStore|iPhoneSimulator.ActiveCfg = Release|x86
		{9F6B90EE-BE55-411A-971B-4CD781F8C480}.AppStore|iPhoneSimulator.Build.0 = Release|x86
		{9F6B90EE-BE55-411A-971B-4CD781F8C480}.AppStore|iPhoneSimulator.Deploy.0 = Release|x86
		{9F6B90EE-BE55-411A-971B-4CD781F8C480}.AppStore|x64.ActiveCfg = Release|x64
		{9F6B90EE-BE55-411A-971B-4CD781F8C480}.AppStore|x64.Build.0 = Release|x64
		{9F6B90EE-BE55-411A-971B-4CD781F8C480}.AppStore|x64.Deploy.0 = Release|x64
		{9F6B90EE-BE55-411A-971B-4CD781F8C480}.AppStore|x86.ActiveCfg = Release|x86
		{9F6B90EE-BE55-411A-971B-4CD781F8C480}.AppStore|x86.Build.0 = Release|x86
		{9F6B90EE-BE55-411A-971B-4CD781F8C480}.AppStore|x86.Deploy.0 = Release|x86
		{9F6B90EE-BE55-411A-971B-4CD781F8C480}.Debug|Any CPU.ActiveCfg = Debug|x86
		{9F6B90EE-BE55-411A-971B-4CD781F8C480}.Debug|ARM.ActiveCfg = Debug|ARM
		{9F6B90EE-BE55-411A-971B-4CD781F8C480}.Debug|ARM.Build.0 = Debug|ARM
		{9F6B90EE-BE55-411A-971B-4CD781F8C480}.Debug|ARM.Deploy.0 = Debug|ARM
		{9F6B90EE-BE55-411A-971B-4CD781F8C480}.Debug|iPhone.ActiveCfg = Debug|x86
		{9F6B90EE-BE55-411A-971B-4CD781F8C480}.Debug|iPhoneSimulator.ActiveCfg = Debug|x86
		{9F6B90EE-BE55-411A-971B-4CD781F8C480}.Debug|x64.ActiveCfg = Debug|x64
		{9F6B90EE-BE55-411A-971B-4CD781F8C480}.Debug|x64.Build.0 = Debug|x64
		{9F6B90EE-BE55-411A-971B-4CD781F8C480}.Debug|x64.Deploy.0 = Debug|x64
		{9F6B90EE-BE55-411A-971B-4CD781F8C480}.Debug|x86.ActiveCfg = Debug|x86
		{9F6B90EE-BE55-411A-971B-4CD781F8C480}.Debug|x86.Build.0 = Debug|x86
		{9F6B90EE-BE55-411A-971B-4CD781F8C480}.Debug|x86.Deploy.0 = Debug|x86
		{9F6B90EE-BE55-411A-971B-4CD781F8C480}.Release|Any CPU.ActiveCfg = Release|x86
		{9F6B90EE-BE55-411A-971B-4CD781F8C480}.Release|ARM.ActiveCfg = Release|ARM
		{9F6B90EE-BE55-411A-971B-4CD781F8C480}.Release|ARM.Build.0 = Release|ARM
		{9F6B90EE-BE55-411A-971B-4CD781F8C480}.Release|ARM.Deploy.0 = Release|ARM
		{9F6B90EE-BE55-411A-971B-4CD781F8C480}.Release|iPhone.ActiveCfg = Release|x86
		{9F6B90EE-BE55-411A-971B-4CD781F8C480}.Release|iPhoneSimulator.ActiveCfg = Release|x86
		{9F6B90EE-BE55-411A-971B-4CD781F8C480}.Release|x64.ActiveCfg = Release|x64
		{9F6B90EE-BE55-411A-971B-4CD781F8C480}.Release|x64.Build.0 = Release|x64
		{9F6B90EE-BE55-411A-971B-4CD781F8C480}.Release|x64.Deploy.0 = Release|x64
		{9F6B90EE-BE55-411A-971B-4CD781F8C480}.Release|x86.ActiveCfg = Release|x86
		{9F6B90EE-BE55-411A-971B-4CD781F8C480}.Release|x86.Build.0 = Release|x86
		{9F6B90EE-BE55-411A-971B-4CD781F8C480}.Release|x86.Deploy.0 = Release|x86
		{79C09D14-4751-4FEC-93D3-5524B22721A3}.Ad-Hoc|Any CPU.ActiveCfg = Ad-Hoc|iPhone
		{79C09D14-4751-4FEC-93D3-5524B22721A3}.Ad-Hoc|ARM.ActiveCfg = Ad-Hoc|iPhone
		{79C09D14-4751-4FEC-93D3-5524B22721A3}.Ad-Hoc|iPhone.ActiveCfg = Ad-Hoc|iPhone
		{79C09D14-4751-4FEC-93D3-5524B22721A3}.Ad-Hoc|iPhone.Build.0 = Ad-Hoc|iPhone
		{79C09D14-4751-4FEC-93D3-5524B22721A3}.Ad-Hoc|iPhoneSimulator.ActiveCfg = Ad-Hoc|iPhoneSimulator
		{79C09D14-4751-4FEC-93D3-5524B22721A3}.Ad-Hoc|iPhoneSimulator.Build.0 = Ad-Hoc|iPhoneSimulator
		{79C09D14-4751-4FEC-93D3-5524B22721A3}.Ad-Hoc|x64.ActiveCfg = Ad-Hoc|iPhone
		{79C09D14-4751-4FEC-93D3-5524B22721A3}.Ad-Hoc|x86.ActiveCfg = Ad-Hoc|iPhone
		{79C09D14-4751-4FEC-93D3-5524B22721A3}.AppStore|Any CPU.ActiveCfg = AppStore|iPhone
		{79C09D14-4751-4FEC-93D3-5524B22721A3}.AppStore|ARM.ActiveCfg = AppStore|iPhone
		{79C09D14-4751-4FEC-93D3-5524B22721A3}.AppStore|iPhone.ActiveCfg = AppStore|iPhone
		{79C09D14-4751-4FEC-93D3-5524B22721A3}.AppStore|iPhone.Build.0 = AppStore|iPhone
		{79C09D14-4751-4FEC-93D3-5524B22721A3}.AppStore|iPhoneSimulator.ActiveCfg = AppStore|iPhoneSimulator
		{79C09D14-4751-4FEC-93D3-5524B22721A3}.AppStore|iPhoneSimulator.Build.0 = AppStore|iPhoneSimulator
		{79C09D14-4751-4FEC-93D3-5524B22721A3}.AppStore|x64.ActiveCfg = AppStore|iPhone
		{79C09D14-4751-4FEC-93D3-5524B22721A3}.AppStore|x86.ActiveCfg = AppStore|iPhone
		{79C09D14-4751-4FEC-93D3-5524B22721A3}.Debug|Any CPU.ActiveCfg = Debug|iPhone
		{79C09D14-4751-4FEC-93D3-5524B22721A3}.Debug|ARM.ActiveCfg = Debug|iPhone
		{79C09D14-4751-4FEC-93D3-5524B22721A3}.Debug|iPhone.ActiveCfg = Debug|iPhone
		{79C09D14-4751-4FEC-93D3-5524B22721A3}.Debug|iPhone.Build.0 = Debug|iPhone
		{79C09D14-4751-4FEC-93D3-5524B22721A3}.Debug|iPhoneSimulator.ActiveCfg = Debug|iPhoneSimulator
		{79C09D14-4751-4FEC-93D3-5524B22721A3}.Debug|iPhoneSimulator.Build.0 = Debug|iPhoneSimulator
		{79C09D14-4751-4FEC-93D3-5524B22721A3}.Debug|x64.ActiveCfg = Debug|iPhone
		{79C09D14-4751-4FEC-93D3-5524B22721A3}.Debug|x86.ActiveCfg = Debug|iPhone
		{79C09D14-4751-4FEC-93D3-5524B22721A3}.Release|Any CPU.ActiveCfg = Release|iPhone
		{79C09D14-4751-4FEC-93D3-5524B22721A3}.Release|ARM.ActiveCfg = Release|iPhone
		{79C09D14-4751-4FEC-93D3-5524B22721A3}.Release|iPhone.ActiveCfg = Release|iPhone
		{79C09D14-4751-4FEC-93D3-5524B22721A3}.Release|iPhone.Build.0 = Release|iPhone
		{79C09D14-4751-4FEC-93D3-5524B22721A3}.Release|iPhoneSimulator.ActiveCfg = Release|iPhoneSimulator
		{79C09D14-4751-4FEC-93D3-5524B22721A3}.Release|iPhoneSimulator.Build.0 = Release|iPhoneSimulator
		{79C09D14-4751-4FEC-93D3-5524B22721A3}.Release|x64.ActiveCfg = Release|iPhone
		{79C09D14-4751-4FEC-93D3-5524B22721A3}.Release|x86.ActiveCfg = Release|iPhone
	EndGlobalSection
	GlobalSection(SolutionProperties) = preSolution
		HideSolutionNode = FALSE
	EndGlobalSection
EndGlobal
